version = 1
revision = 3
requires-python = ">=3.13"

[[package]]
name = "citation-resolution"
version = "0.1.0"
source = { editable = "." }
dependencies = [
    { name = "lxml" },
    { name = "rdflib" },
]

[package.dev-dependencies]
dev = [
    { name = "ruff" },
    { name = "ty" },
]

[package.metadata]
requires-dist = [
    { name = "lxml", specifier = ">=6.1.0" },
    { name = "rdflib", specifier = ">=7.0.0" },
]

[package.metadata.requires-dev]
dev = [
    { name = "ruff", specifier = ">=0.15.17" },
    { name = "ty", specifier = ">=0.0.48" },
]

[[package]]
name = "lxml"
version = "6.1.0"
source = { registry = "https://pypi.org/simple" }
sdist = { url = "https://files.pythonhosted.org/packages/28/30/9abc9e34c657c33834eaf6cd02124c61bdf5944d802aa48e69be8da3585d/lxml-6.1.0.tar.gz", hash = "sha256:bfd57d8008c4965709a919c3e9a98f76c2c7cb319086b3d26858250620023b13", size = 4197006, upload-time = "2026-04-18T04:32:51.613Z" }
wheels = [
    { url = "https://files.pythonhosted.org/packages/08/03/69347590f1cf4a6d5a4944bb6099e6d37f334784f16062234e1f892fdb1d/lxml-6.1.0-cp313-cp313-macosx_10_13_universal2.whl", hash = "sha256:a0092f2b107b69601adf562a57c956fbb596e05e3e6651cabd3054113b007e45", size = 8559689, upload-time = "2026-04-18T04:31:57.785Z" },
    { url = "https://files.pythonhosted.org/packages/3f/58/25e00bb40b185c974cfe156c110474d9a8a8390d5f7c92a4e328189bb60e/lxml-6.1.0-cp313-cp313-macosx_10_13_x86_64.whl", hash = "sha256:fc7140d7a7386e6b545d41b7358f4d02b656d4053f5fa6859f92f4b9c2572c4d", size = 4617892, upload-time = "2026-04-18T04:32:01.78Z" },
    { url = "https://files.pythonhosted.org/packages/f5/54/92ad98a94ac318dc4f97aaac22ff8d1b94212b2ae8af5b6e9b354bf825f7/lxml-6.1.0-cp313-cp313-manylinux2014_aarch64.manylinux_2_17_aarch64.whl", hash = "sha256:419c58fc92cc3a2c3fa5f78c63dbf5da70c1fa9c1b25f25727ecee89a96c7de2", size = 4923489, upload-time = "2026-04-18T04:33:31.401Z" },
    { url = "https://files.pythonhosted.org/packages/15/3b/a20aecfab42bdf4f9b390590d345857ad3ffd7c51988d1c89c53a0c73faf/lxml-6.1.0-cp313-cp313-manylinux2014_x86_64.manylinux_2_17_x86_64.whl", hash = "sha256:37fabd1452852636cf38ecdcc9dd5ca4bba7a35d6c53fa09725deeb894a87491", size = 5082162, upload-time = "2026-04-18T04:33:34.262Z" },
    { url = "https://files.pythonhosted.org/packages/45/26/2cdb3d281ac1bd175603e290cbe4bad6eff127c0f8de90bafd6f8548f0fd/lxml-6.1.0-cp313-cp313-manylinux_2_26_aarch64.manylinux_2_28_aarch64.whl", hash = "sha256:a2853c8b2170cc6cd54a6b4d50d2c1a8a7aeca201f23804b4898525c7a152cfc", size = 4993247, upload-time = "2026-04-18T04:33:36.674Z" },
    { url = "https://files.pythonhosted.org/packages/f6/05/d735aef963740022a08185c84821f689fc903acb3d50326e6b1e9886cc22/lxml-6.1.0-cp313-cp313-manylinux_2_26_ppc64le.manylinux_2_28_ppc64le.whl", hash = "sha256:8e369cbd690e788c8d15e56222d91a09c6a417f49cbc543040cba0fe2e25a79e", size = 5613042, upload-time = "2026-04-18T04:33:39.205Z" },
    { url = "https://files.pythonhosted.org/packages/ee/b8/ead7c10efff731738c72e59ed6eb5791854879fbed7ae98781a12006263a/lxml-6.1.0-cp313-cp313-manylinux_2_26_x86_64.manylinux_2_28_x86_64.whl", hash = "sha256:e69aa6805905807186eb00e66c6d97a935c928275182eb02ee40ba00da9623b2", size = 5228304, upload-time = "2026-04-18T04:33:41.647Z" },
    { url = "https://files.pythonhosted.org/packages/6b/10/e9842d2ec322ea65f0a7270aa0315a53abed06058b88ef1b027f620e7a5f/lxml-6.1.0-cp313-cp313-manylinux_2_28_i686.whl", hash = "sha256:4bd1bdb8a9e0e2dd229de19b5f8aebac80e916921b4b2c6ef8a52bc131d0c1f9", size = 5341578, upload-time = "2026-04-18T04:33:44.596Z" },
    { url = "https://files.pythonhosted.org/packages/89/54/40d9403d7c2775fa7301d3ddd3464689bfe9ba71acc17dfff777071b4fdc/lxml-6.1.0-cp313-cp313-manylinux_2_31_armv7l.whl", hash = "sha256:cbd7b79cdcb4986ad78a2662625882747f09db5e4cd7b2ae178a88c9c51b3dfe", size = 4700209, upload-time = "2026-04-18T04:33:47.552Z" },
    { url = "https://files.pythonhosted.org/packages/85/b2/bbdcc2cf45dfc7dfffef4fd97e5c47b15919b6a365247d95d6f684ef5e82/lxml-6.1.0-cp313-cp313-manylinux_2_38_riscv64.manylinux_2_39_riscv64.whl", hash = "sha256:43e4d297f11080ec9d64a4b1ad7ac02b4484c9f0e2179d9c4ef78e886e747b88", size = 5232365, upload-time = "2026-04-18T04:33:50.249Z" },
    { url = "https://files.pythonhosted.org/packages/48/5a/b06875665e53aaba7127611a7bed3b7b9658e20b22bc2dd217a0b7ab0091/lxml-6.1.0-cp313-cp313-musllinux_1_2_aarch64.whl", hash = "sha256:cc16682cc987a3da00aa56a3aa3075b08edb10d9b1e476938cfdbee8f3b67181", size = 5043654, upload-time = "2026-04-18T04:33:52.71Z" },
    { url = "https://files.pythonhosted.org/packages/e9/9c/e71a069d09641c1a7abeb30e693f828c7c90a41cbe3d650b2d734d876f85/lxml-6.1.0-cp313-cp313-musllinux_1_2_armv7l.whl", hash = "sha256:d6d8efe71429635f0559579092bb5e60560d7b9115ee38c4adbea35632e7fa24", size = 4769326, upload-time = "2026-04-18T04:33:55.244Z" },
    { url = "https://files.pythonhosted.org/packages/cc/06/7a9cd84b3d4ed79adf35f874750abb697dec0b4a81a836037b36e47c091a/lxml-6.1.0-cp313-cp313-musllinux_1_2_ppc64le.whl", hash = "sha256:7e39ab3a28af7784e206d8606ec0e4bcad0190f63a492bca95e94e5a4aef7f6e", size = 5635879, upload-time = "2026-04-18T04:33:58.509Z" },
    { url = "https://files.pythonhosted.org/packages/cc/f0/9d57916befc1e54c451712c7ee48e9e74e80ae4d03bdce49914e0aee42cd/lxml-6.1.0-cp313-cp313-musllinux_1_2_riscv64.whl", hash = "sha256:9eb667bf50856c4a58145f8ca2d5e5be160191e79eb9e30855a476191b3c3495", size = 5224048, upload-time = "2026-04-18T04:34:00.943Z" },
    { url = "https://files.pythonhosted.org/packages/99/75/90c4eefda0c08c92221fe0753db2d6699a4c628f76ff4465ec20dea84cc1/lxml-6.1.0-cp313-cp313-musllinux_1_2_x86_64.whl", hash = "sha256:7f4a77d6f7edf9230cee3e1f7f6764722a41604ee5681844f18db9a81ea0ec33", size = 5250241, upload-time = "2026-04-18T04:34:03.365Z" },
    { url = "https://files.pythonhosted.org/packages/5e/73/16596f7e4e38fa33084b9ccbccc22a15f82a290a055126f2c1541236d2ff/lxml-6.1.0-cp313-cp313-win32.whl", hash = "sha256:28902146ffbe5222df411c5d19e5352490122e14447e98cd118907ee3fd6ee62", size = 3596938, upload-time = "2026-04-18T04:31:56.206Z" },
    { url = "https://files.pythonhosted.org/packages/8e/63/981401c5680c1eb30893f00a19641ac80db5d1e7086c62cb4b13ed813038/lxml-6.1.0-cp313-cp313-win_amd64.whl", hash = "sha256:4a1503c56e4e2b38dc76f2f2da7bae69670c0f1933e27cfa34b2fa5876410b16", size = 3995728, upload-time = "2026-04-18T04:31:58.763Z" },
    { url = "https://files.pythonhosted.org/packages/e7/e8/c358a38ac3e541d16a1b527e4e9cb78c0419b0506a070ace11777e5e8404/lxml-6.1.0-cp313-cp313-win_arm64.whl", hash = "sha256:e0af85773850417d994d019741239b901b22c6680206f46a34766926e466141d", size = 3658372, upload-time = "2026-04-18T04:32:03.629Z" },
    { url = "https://files.pythonhosted.org/packages/eb/45/cee4cf203ef0bab5c52afc118da61d6b460c928f2893d40023cfa27e0b80/lxml-6.1.0-cp314-cp314-macosx_10_15_universal2.whl", hash = "sha256:ab863fd37458fed6456525f297d21239d987800c46e67da5ef04fc6b3dd93ac8", size = 8576713, upload-time = "2026-04-18T04:32:06.831Z" },
    { url = "https://files.pythonhosted.org/packages/8a/a7/eda05babeb7e046839204eaf254cd4d7c9130ce2bbf0d9e90ea41af5654d/lxml-6.1.0-cp314-cp314-macosx_10_15_x86_64.whl", hash = "sha256:6fd8b1df8254ff4fd93fd31da1fc15770bde23ac045be9bb1f87425702f61cc9", size = 4623874, upload-time = "2026-04-18T04:32:10.755Z" },
    { url = "https://files.pythonhosted.org/packages/e7/e9/db5846de9b436b91890a62f29d80cd849ea17948a49bf532d5278ee69a9e/lxml-6.1.0-cp314-cp314-manylinux2014_aarch64.manylinux_2_17_aarch64.whl", hash = "sha256:47024feaae386a92a146af0d2aeed65229bf6fff738e6a11dda6b0015fb8fd03", size = 4949535, upload-time = "2026-04-18T04:34:06.657Z" },
    { url = "https://files.pythonhosted.org/packages/5a/ba/0d3593373dcae1d68f40dc3c41a5a92f2544e68115eb2f62319a4c2a6500/lxml-6.1.0-cp314-cp314-manylinux2014_x86_64.manylinux_2_17_x86_64.whl", hash = "sha256:3f00972f84450204cd5d93a5395965e348956aaceaadec693a22ec743f8ae3eb", size = 5086881, upload-time = "2026-04-18T04:34:09.556Z" },
    { url = "https://files.pythonhosted.org/packages/43/76/759a7484539ad1af0d125a9afe9c3fb5f82a8779fd1f5f56319d9e4ea2fd/lxml-6.1.0-cp314-cp314-manylinux_2_26_aarch64.manylinux_2_28_aarch64.whl", hash = "sha256:97faa0860e13b05b15a51fb4986421ef7a30f0b3334061c416e0981e9450ca4c", size = 5031305, upload-time = "2026-04-18T04:34:12.336Z" },
    { url = "https://files.pythonhosted.org/packages/dc/b9/c1f0daf981a11e47636126901fd4ab82429e18c57aeb0fc3ad2940b42d8b/lxml-6.1.0-cp314-cp314-manylinux_2_26_ppc64le.manylinux_2_28_ppc64le.whl", hash = "sha256:972a6451204798675407beaad97b868d0c733d9a74dafefc63120b81b8c2de28", size = 5647522, upload-time = "2026-04-18T04:34:14.89Z" },
    { url = "https://files.pythonhosted.org/packages/31/e6/1f533dcd205275363d9ba3511bcec52fa2df86abf8abe6a5f2c599f0dc31/lxml-6.1.0-cp314-cp314-manylinux_2_26_x86_64.manylinux_2_28_x86_64.whl", hash = "sha256:fe022f20bc4569ec66b63b3fb275a3d628d9d32da6326b2982584104db6d3086", size = 5239310, upload-time = "2026-04-18T04:34:17.652Z" },
    { url = "https://files.pythonhosted.org/packages/c3/8c/4175fb709c78a6e315ed814ed33be3defd8b8721067e70419a6cf6f971da/lxml-6.1.0-cp314-cp314-manylinux_2_28_i686.whl", hash = "sha256:75c4c7c619a744f972f4451bf5adf6d0fb00992a1ffc9fd78e13b0bc817cc99f", size = 5350799, upload-time = "2026-04-18T04:34:20.529Z" },
    { url = "https://files.pythonhosted.org/packages/fd/77/6ffdebc5994975f0dde4acb59761902bd9d9bb84422b9a0bd239a7da9ca8/lxml-6.1.0-cp314-cp314-manylinux_2_31_armv7l.whl", hash = "sha256:3648f20d25102a22b6061c688beb3a805099ea4beb0a01ce62975d926944d292", size = 4697693, upload-time = "2026-04-18T04:34:23.541Z" },
    { url = "https://files.pythonhosted.org/packages/f8/f1/565f36bd5c73294602d48e04d23f81ff4c8736be6ba5e1d1ec670ac9be80/lxml-6.1.0-cp314-cp314-manylinux_2_38_riscv64.manylinux_2_39_riscv64.whl", hash = "sha256:77b9f99b17cbf14026d1e618035077060fc7195dd940d025149f3e2e830fbfcb", size = 5250708, upload-time = "2026-04-18T04:34:26.001Z" },
    { url = "https://files.pythonhosted.org/packages/5a/11/a68ab9dd18c5c499404deb4005f4bc4e0e88e5b72cd755ad96efec81d18d/lxml-6.1.0-cp314-cp314-musllinux_1_2_aarch64.whl", hash = "sha256:32662519149fd7a9db354175aa5e417d83485a8039b8aaa62f873ceee7ea4cad", size = 5084737, upload-time = "2026-04-18T04:34:28.32Z" },
    { url = "https://files.pythonhosted.org/packages/ab/78/e8f41e2c74f4af564e6a0348aea69fb6daaefa64bc071ef469823d22cc18/lxml-6.1.0-cp314-cp314-musllinux_1_2_armv7l.whl", hash = "sha256:73d658216fc173cf2c939e90e07b941c5e12736b0bf6a99e7af95459cfe8eabb", size = 4737817, upload-time = "2026-04-18T04:34:30.784Z" },
    { url = "https://files.pythonhosted.org/packages/06/2d/aa4e117aa2ce2f3b35d9ff246be74a2f8e853baba5d2a92c64744474603a/lxml-6.1.0-cp314-cp314-musllinux_1_2_ppc64le.whl", hash = "sha256:ac4db068889f8772a4a698c5980ec302771bb545e10c4b095d4c8be26749616f", size = 5670753, upload-time = "2026-04-18T04:34:33.675Z" },
    { url = "https://files.pythonhosted.org/packages/08/f5/dd745d50c0409031dbfcc4881740542a01e54d6f0110bd420fa7782110b8/lxml-6.1.0-cp314-cp314-musllinux_1_2_riscv64.whl", hash = "sha256:45e9dfbd1b661eb64ba0d4dbe762bd210c42d86dd1e5bd2bdf89d634231beb43", size = 5238071, upload-time = "2026-04-18T04:34:36.12Z" },
    { url = "https://files.pythonhosted.org/packages/3e/74/ad424f36d0340a904665867dab310a3f1f4c96ff4039698de83b77f44c1f/lxml-6.1.0-cp314-cp314-musllinux_1_2_x86_64.whl", hash = "sha256:89e8d73d09ac696a5ba42ec69787913d53284f12092f651506779314f10ba585", size = 5264319, upload-time = "2026-04-18T04:34:39.035Z" },
    { url = "https://files.pythonhosted.org/packages/53/36/a15d8b3514ec889bfd6aa3609107fcb6c9189f8dc347f1c0b81eded8d87c/lxml-6.1.0-cp314-cp314-win32.whl", hash = "sha256:ebe33f4ec1b2de38ceb225a1749a2965855bffeef435ba93cd2d5d540783bf2f", size = 3657139, upload-time = "2026-04-18T04:32:20.006Z" },
    { url = "https://files.pythonhosted.org/packages/1a/a4/263ebb0710851a3c6c937180a9a86df1206fdfe53cc43005aa2237fd7736/lxml-6.1.0-cp314-cp314-win_amd64.whl", hash = "sha256:398443df51c538bd578529aa7e5f7afc6c292644174b47961f3bf87fe5741120", size = 4064195, upload-time = "2026-04-18T04:32:23.876Z" },
    { url = "https://files.pythonhosted.org/packages/80/68/2000f29d323b6c286de077ad20b429fc52272e44eae6d295467043e56012/lxml-6.1.0-cp314-cp314-win_arm64.whl", hash = "sha256:8c8984e1d8c4b3949e419158fda14d921ff703a9ed8a47236c6eb7a2b6cb4946", size = 3741870, upload-time = "2026-04-18T04:32:27.922Z" },
    { url = "https://files.pythonhosted.org/packages/30/e9/21383c7c8d43799f0da90224c0d7c921870d476ec9b3e01e1b2c0b8237c5/lxml-6.1.0-cp314-cp314t-macosx_10_15_universal2.whl", hash = "sha256:1081dd10bc6fa437db2500e13993abf7cc30716d0a2f40e65abb935f02ec559c", size = 8827548, upload-time = "2026-04-18T04:32:15.094Z" },
    { url = "https://files.pythonhosted.org/packages/a5/01/c6bc11cd587030dd4f719f65c5657960649fe3e19196c844c75bf32cd0d6/lxml-6.1.0-cp314-cp314t-macosx_10_15_x86_64.whl", hash = "sha256:dabecc48db5f42ba348d1f5d5afdc54c6c4cc758e676926c7cd327045749517d", size = 4735866, upload-time = "2026-04-18T04:32:18.924Z" },
    { url = "https://files.pythonhosted.org/packages/f3/01/757132fff5f4acf25463b5298f1a46099f3a94480b806547b29ce5e385de/lxml-6.1.0-cp314-cp314t-manylinux2014_aarch64.manylinux_2_17_aarch64.whl", hash = "sha256:e3dd5fe19c9e0ac818a9c7f132a5e43c1339ec1cbbfecb1a938bd3a47875b7c9", size = 4969476, upload-time = "2026-04-18T04:34:41.889Z" },
    { url = "https://files.pythonhosted.org/packages/fd/fb/1bc8b9d27ed64be7c8903db6c89e74dc8c2cd9ec630a7462e4654316dc5b/lxml-6.1.0-cp314-cp314t-manylinux2014_x86_64.manylinux_2_17_x86_64.whl", hash = "sha256:9e7b0a4ca6dcc007a4cef00a761bba2dea959de4bd2df98f926b33c92ca5dfb9", size = 5103719, upload-time = "2026-04-18T04:34:44.797Z" },
    { url = "https://files.pythonhosted.org/packages/d5/e7/5bf82fa28133536a54601aae633b14988e89ed61d4c1eb6b899b023233aa/lxml-6.1.0-cp314-cp314t-manylinux_2_26_aarch64.manylinux_2_28_aarch64.whl", hash = "sha256:5d27bbe326c6b539c64b42638b18bc6003a8d88f76213a97ac9ed4f885efeab7", size = 5027890, upload-time = "2026-04-18T04:34:47.634Z" },
    { url = "https://files.pythonhosted.org/packages/2d/20/e048db5d4b4ea0366648aa595f26bb764b2670903fc585b87436d0a5032c/lxml-6.1.0-cp314-cp314t-manylinux_2_26_ppc64le.manylinux_2_28_ppc64le.whl", hash = "sha256:c4e425db0c5445ef0ad56b0eec54f89b88b2d884656e536a90b2f52aecb4ca86", size = 5596008, upload-time = "2026-04-18T04:34:51.503Z" },
    { url = "https://files.pythonhosted.org/packages/9a/c2/d10807bc8da4824b39e5bd01b5d05c077b6fd01bd91584167edf6b269d22/lxml-6.1.0-cp314-cp314t-manylinux_2_26_x86_64.manylinux_2_28_x86_64.whl", hash = "sha256:4b89b098105b8599dc57adac95d1813409ac476d3c948a498775d3d0c6124bfb", size = 5224451, upload-time = "2026-04-18T04:34:54.263Z" },
    { url = "https://files.pythonhosted.org/packages/3c/15/2ebea45bea427e7f0057e9ce7b2d62c5aba20c6b001cca89ed0aadb3ad41/lxml-6.1.0-cp314-cp314t-manylinux_2_28_i686.whl", hash = "sha256:c4a699432846df86cc3de502ee85f445ebad748a1c6021d445f3e514d2cd4b1c", size = 5312135, upload-time = "2026-04-18T04:34:56.818Z" },
    { url = "https://files.pythonhosted.org/packages/31/e2/87eeae151b0be2a308d49a7ec444ff3eb192b14251e62addb29d0bf3778f/lxml-6.1.0-cp314-cp314t-manylinux_2_31_armv7l.whl", hash = "sha256:30e7b2ed63b6c8e97cca8af048589a788ab5c9c905f36d9cf1c2bb549f450d2f", size = 4639126, upload-time = "2026-04-18T04:34:59.704Z" },
    { url = "https://files.pythonhosted.org/packages/a3/51/8a3f6a20902ad604dd746ec7b4000311b240d389dac5e9d95adefd349e0c/lxml-6.1.0-cp314-cp314t-manylinux_2_38_riscv64.manylinux_2_39_riscv64.whl", hash = "sha256:022981127642fe19866d2907d76241bb07ed21749601f727d5d5dd1ce5d1b773", size = 5232579, upload-time = "2026-04-18T04:35:02.658Z" },
    { url = "https://files.pythonhosted.org/packages/6d/d2/650d619bdbe048d2c3f2c31edb00e35670a5e2d65b4fe3b61bce37b19121/lxml-6.1.0-cp314-cp314t-musllinux_1_2_aarch64.whl", hash = "sha256:23cad0cc86046d4222f7f418910e46b89971c5a45d3c8abfad0f64b7b05e4a9b", size = 5084206, upload-time = "2026-04-18T04:35:05.175Z" },
    { url = "https://files.pythonhosted.org/packages/dd/8a/672ca1a3cbeabd1f511ca275a916c0514b747f4b85bdaae103b8fa92f307/lxml-6.1.0-cp314-cp314t-musllinux_1_2_armv7l.whl", hash = "sha256:21c3302068f50d1e8728c67c87ba92aa87043abee517aa2576cca1855326b405", size = 4758906, upload-time = "2026-04-18T04:35:08.098Z" },
    { url = "https://files.pythonhosted.org/packages/be/f1/ef4b691da85c916cb2feb1eec7414f678162798ac85e042fa164419ac05c/lxml-6.1.0-cp314-cp314t-musllinux_1_2_ppc64le.whl", hash = "sha256:be10838781cb3be19251e276910cd508fe127e27c3242e50521521a0f3781690", size = 5620553, upload-time = "2026-04-18T04:35:11.23Z" },
    { url = "https://files.pythonhosted.org/packages/59/17/94e81def74107809755ac2782fdad4404420f1c92ca83433d117a6d5acf0/lxml-6.1.0-cp314-cp314t-musllinux_1_2_riscv64.whl", hash = "sha256:2173a7bffe97667bbf0767f8a99e587740a8c56fdf3befac4b09cb29a80276fd", size = 5229458, upload-time = "2026-04-18T04:35:14.254Z" },
    { url = "https://files.pythonhosted.org/packages/21/55/c4be91b0f830a871fc1b0d730943d56013b683d4671d5198260e2eae722b/lxml-6.1.0-cp314-cp314t-musllinux_1_2_x86_64.whl", hash = "sha256:c6854e9cf99c84beb004eecd7d3a3868ef1109bf2b1df92d7bc11e96a36c2180", size = 5247861, upload-time = "2026-04-18T04:35:17.006Z" },
    { url = "https://files.pythonhosted.org/packages/c2/ca/77123e4d77df3cb1e968ade7b1f808f5d3a5c1c96b18a33895397de292c1/lxml-6.1.0-cp314-cp314t-win32.whl", hash = "sha256:00750d63ef0031a05331b9223463b1c7c02b9004cef2346a5b2877f0f9494dd2", size = 3897377, upload-time = "2026-04-18T04:32:07.656Z" },
    { url = "https://files.pythonhosted.org/packages/64/ce/3554833989d074267c063209bae8b09815e5656456a2d332b947806b05ff/lxml-6.1.0-cp314-cp314t-win_amd64.whl", hash = "sha256:80410c3a7e3c617af04de17caa9f9f20adaa817093293d69eae7d7d0522836f5", size = 4392701, upload-time = "2026-04-18T04:32:12.113Z" },
    { url = "https://files.pythonhosted.org/packages/2b/a0/9b916c68c0e57752c07f8f64b30138d9d4059dbeb27b90274dedbea128ff/lxml-6.1.0-cp314-cp314t-win_arm64.whl", hash = "sha256:26dd9f57ee3bd41e7d35b4c98a2ffd89ed11591649f421f0ec19f67d50ec67ac", size = 3817120, upload-time = "2026-04-18T04:32:15.803Z" },
]

[[package]]
name = "pyparsing"
version = "3.3.2"
source = { registry = "https://pypi.org/simple" }
sdist = { url = "https://files.pythonhosted.org/packages/f3/91/9c6ee907786a473bf81c5f53cf703ba0957b23ab84c264080fb5a450416f/pyparsing-3.3.2.tar.gz", hash = "sha256:c777f4d763f140633dcb6d8a3eda953bf7a214dc4eff598413c070bcdc117cbc", size = 6851574, upload-time = "2026-01-21T03:57:59.36Z" }
wheels = [
    { url = "https://files.pythonhosted.org/packages/10/bd/c038d7cc38edc1aa5bf91ab8068b63d4308c66c4c8bb3cbba7dfbc049f9c/pyparsing-3.3.2-py3-none-any.whl", hash = "sha256:850ba148bd908d7e2411587e247a1e4f0327839c40e2e5e6d05a007ecc69911d", size = 122781, upload-time = "2026-01-21T03:57:55.912Z" },
]

[[package]]
name = "rdflib"
version = "7.6.0"
source = { registry = "https://pypi.org/simple" }
dependencies = [
    { name = "pyparsing" },
]
sdist = { url = "https://files.pythonhosted.org/packages/98/f5/18bb77b7af9526add0c727a3b2048959847dc5fb030913e2918bf384fec3/rdflib-7.6.0.tar.gz", hash = "sha256:6c831288d5e4a5a7ece85d0ccde9877d512a3d0f02d7c06455d00d6d0ea379df", size = 4943826, upload-time = "2026-02-13T07:15:55.938Z" }
wheels = [
    { url = "https://files.pythonhosted.org/packages/10/c2/6604a71269e0c1bd75656d5a001432d16f2cc5b8c057140ec797155c295e/rdflib-7.6.0-py3-none-any.whl", hash = "sha256:30c0a3ebf4c0e09215f066be7246794b6492e054e782d7ac2a34c9f70a15e0dd", size = 615416, upload-time = "2026-02-13T07:15:46.487Z" },
]

[[package]]
name = "ruff"
version = "0.15.17"
source = { registry = "https://pypi.org/simple" }
sdist = { url = "https://files.pythonhosted.org/packages/8c/a9/3abdf488f1bf3d24c699415e454ed554a6350d5d89ce183be1ee0a3361ac/ruff-0.15.17.tar.gz", hash = "sha256:2ec446937fd16c8c4de2674a209cc5af64d9c6f17d21fbf1151054fa0bcf5219", size = 4743346, upload-time = "2026-06-11T17:54:47.663Z" }
wheels = [
    { url = "https://files.pythonhosted.org/packages/db/4d/e11259f5da07cb6afb2d074c31bf09da9671993f7329d4f15d2fdc458301/ruff-0.15.17-py3-none-linux_armv6l.whl", hash = "sha256:d9feddb927fc68bd295f5eebc587a7e42cfaf9b65f60ca4a2386febff575da8f", size = 10856677, upload-time = "2026-06-11T17:54:49.533Z" },
    { url = "https://files.pythonhosted.org/packages/29/3e/772d679e1a0dc058e58875bd2c0cb713a0530877b4a76fee3c7966df0d49/ruff-0.15.17-py3-none-macosx_10_12_x86_64.whl", hash = "sha256:25805a226d741c47d274a35ad5c10a7dde175fcddfa511d7cf3da0a21eb3eab7", size = 11223443, upload-time = "2026-06-11T17:55:00.573Z" },
    { url = "https://files.pythonhosted.org/packages/68/58/bd41f7688b2fd5623012605130ed70e60aa7f2244baa3d5066bdd61530c8/ruff-0.15.17-py3-none-macosx_11_0_arm64.whl", hash = "sha256:f6ad73b14c2d18a3bf8ad7cb6974294d7f613a7898604826058e6ac64918ef4d", size = 10566458, upload-time = "2026-06-11T17:55:07.52Z" },
    { url = "https://files.pythonhosted.org/packages/d8/5b/733371013fcf1ec339e477ece6ab42bfe10bdd9bba8ee88a9516aa56bfc0/ruff-0.15.17-py3-none-manylinux_2_17_aarch64.manylinux2014_aarch64.whl", hash = "sha256:6ba0c1e4f95bcb3869d0d30cbd5917071ef2e28665abfec970cdab0492c713ed", size = 10914483, upload-time = "2026-06-11T17:55:05.501Z" },
    { url = "https://files.pythonhosted.org/packages/bd/cc/6f24251cc0252f7239391ccb85833f320efad14ebe5b443943f37ced6332/ruff-0.15.17-py3-none-manylinux_2_17_armv7l.manylinux2014_armv7l.whl", hash = "sha256:81647960f10bff57d2e51cadd0c3950fe598400c852863a038720ef5b8cca91e", size = 10647497, upload-time = "2026-06-11T17:54:57.733Z" },
    { url = "https://files.pythonhosted.org/packages/68/dd/0d10c17ce1a1624d6fc3156309c3f834fdb5dfaad026ec90c85684f3990e/ruff-0.15.17-py3-none-manylinux_2_17_i686.manylinux2014_i686.whl", hash = "sha256:0e01a84ddbc8c16c23055ba3924476850f1bbc1917cebbb9376665a63e74260d", size = 11416967, upload-time = "2026-06-11T17:54:51.461Z" },
    { url = "https://files.pythonhosted.org/packages/2f/91/556bfb156f6144f355e831c23db00b2fc4120f86b3ce81cc5f7fd2df51f3/ruff-0.15.17-py3-none-manylinux_2_17_ppc64le.manylinux2014_ppc64le.whl", hash = "sha256:84fe9f653152f8f294f9f7e03bf3a453d8b4a27f7a59c78c8666167f2b17b96c", size = 12335770, upload-time = "2026-06-11T17:54:45.793Z" },
    { url = "https://files.pythonhosted.org/packages/88/82/8b5999aa13355e926f06d9f42a32dcca862f623bf0363785ff89d607dffd/ruff-0.15.17-py3-none-manylinux_2_17_s390x.manylinux2014_s390x.whl", hash = "sha256:8c0fe88a7676e7a05b73174d4d4a59cb2ac21ff8263583f87a81a6018475a978", size = 11575441, upload-time = "2026-06-11T17:54:32.661Z" },
    { url = "https://files.pythonhosted.org/packages/11/93/f10377bb04109ca0e8cbc483ff1982c54b6d418210041776f93e8cdc7fa9/ruff-0.15.17-py3-none-manylinux_2_17_x86_64.manylinux2014_x86_64.whl", hash = "sha256:ecfc3c7878fff94633ab0348524e093f9ce3243080416dd7d14f8ba400174719", size = 11557614, upload-time = "2026-06-11T17:54:34.698Z" },
    { url = "https://files.pythonhosted.org/packages/c7/a6/eeeae7f7d5493df41649ab3db92f086b2d0a30199e4efdf8e3dd7a033f24/ruff-0.15.17-py3-none-manylinux_2_31_riscv64.whl", hash = "sha256:b8461180b22420b1bdc289909410930761629fddf2a5aaf60fae1ab26cedc4c4", size = 11544450, upload-time = "2026-06-11T17:54:39.042Z" },
    { url = "https://files.pythonhosted.org/packages/32/88/5991ce565129a24dd4a00db1254b3b5db2e53018cbe4018ea5a89738e727/ruff-0.15.17-py3-none-musllinux_1_2_aarch64.whl", hash = "sha256:6eccbe50a038b503e7140b441aa9c7fc8c1f36edf23ebef9f4165c2f28f568b7", size = 10892524, upload-time = "2026-06-11T17:55:09.432Z" },
    { url = "https://files.pythonhosted.org/packages/f5/1d/0fdd248313425f55223968af04b0a42125466a8d88d21c1d99c6af0a51e8/ruff-0.15.17-py3-none-musllinux_1_2_armv7l.whl", hash = "sha256:382fc0521025f5a8ad447d8bdd523545d0d7646adb718eb1c2dac5065ec27c0f", size = 10659573, upload-time = "2026-06-11T17:54:36.824Z" },
    { url = "https://files.pythonhosted.org/packages/9e/0e/072e8260deb9461062ce9311ced27a8e541229a6ffd483013dd37661e43e/ruff-0.15.17-py3-none-musllinux_1_2_i686.whl", hash = "sha256:456d41fcd1b2777ad63f09a6e7121d43f7b688bbc76a800c10f7f8fb1f912c3f", size = 11127818, upload-time = "2026-06-11T17:55:03.124Z" },
    { url = "https://files.pythonhosted.org/packages/ab/b4/55060a34163121498014696b5f656db5b8c6963768f227dbf0d76b311073/ruff-0.15.17-py3-none-musllinux_1_2_x86_64.whl", hash = "sha256:b1a04bcc94ae6194e9db05d16ad31f298a7194bfbcb08258bbe589cee1d587b8", size = 11655901, upload-time = "2026-06-11T17:54:53.562Z" },
    { url = "https://files.pythonhosted.org/packages/49/71/9b29d6b87cef468d697f43c6a91e3fae4a80185779d7d5a4ef27d173439f/ruff-0.15.17-py3-none-win32.whl", hash = "sha256:596065960ab1ff593f744220c9fe6580eda00a95003cffa9f4048bb5b1bf0392", size = 10925574, upload-time = "2026-06-11T17:54:55.723Z" },
    { url = "https://files.pythonhosted.org/packages/3d/b2/8fc77f3723228836fa5d12497eb71c808f83782e10d058d2b15cfa14640b/ruff-0.15.17-py3-none-win_amd64.whl", hash = "sha256:6769e5fa1710b179b92e0bfa5a51735b35baea9013dadb06d5f44cbcf9547084", size = 12058788, upload-time = "2026-06-11T17:54:41.042Z" },
    { url = "https://files.pythonhosted.org/packages/2d/c7/c53e8dbff9c9dc4b7928773421ae294a5d28fcb8dcda1a089579d3a7e510/ruff-0.15.17-py3-none-win_arm64.whl", hash = "sha256:f3be1fbb34bcdfd146240d8fb92a709d4c2c8191348580a3c044ec60fa0b4456", size = 11355275, upload-time = "2026-06-11T17:54:43.635Z" },
]

[[package]]
name = "ty"
version = "0.0.48"
source = { registry = "https://pypi.org/simple" }
sdist = { url = "https://files.pythonhosted.org/packages/0c/ad/7a6568b4a8dbb6531ef4f13cd5658e0e4fbd18b890a137b96e1ac87638d5/ty-0.0.48.tar.gz", hash = "sha256:aa54d69b755ea3f765975abdc5fe41f8daca45b1aabc57f91ddd3bd4b7e0c2de", size = 5868533, upload-time = "2026-06-10T22:36:10.899Z" }
wheels = [
    { url = "https://files.pythonhosted.org/packages/92/14/6872bdcd4b2da07c9edebafa22280020b4bc46fe0dcfaad3900cf5b7eede/ty-0.0.48-py3-none-linux_armv6l.whl", hash = "sha256:a6709c6a043524fa36735448e87c902d428033c5f3df7cdf81361ed93b99552c", size = 11810553, upload-time = "2026-06-10T22:35:40.08Z" },
    { url = "https://files.pythonhosted.org/packages/7d/5c/5f1ee9ee82e05ec7e5456d07ee488776003e3bcc77acdf863b5b14880465/ty-0.0.48-py3-none-macosx_10_12_x86_64.whl", hash = "sha256:f52a04c3f9e464860e2ce44afa60d98079c5e09e4e4940990ebe5f3ba9cf3dff", size = 11559964, upload-time = "2026-06-10T22:36:12.816Z" },
    { url = "https://files.pythonhosted.org/packages/cd/15/933a57a0bdbbfa82f0c7cf884d45155628edc2d44e8afe9d8a172aafc0d7/ty-0.0.48-py3-none-macosx_11_0_arm64.whl", hash = "sha256:cd3cb6ee735cfb544e1d6c7cabda7164fd29d1a3ded84f22f092495530faafe2", size = 10950220, upload-time = "2026-06-10T22:35:35.811Z" },
    { url = "https://files.pythonhosted.org/packages/77/f2/12acd376cc719ebcff1d76efc1cafcc98a24c0f6fb23e730860024cdd965/ty-0.0.48-py3-none-manylinux_2_17_aarch64.manylinux2014_aarch64.whl", hash = "sha256:5846c1c9e1777e60fa204d9b7c912e8db8647bdc8d4fcb176ccb3278ed96635a", size = 11485715, upload-time = "2026-06-10T22:35:53.229Z" },
    { url = "https://files.pythonhosted.org/packages/6f/db/b839e397f016274a175f71c53b959007ab5bb1c2928746fbb4a7a2c61153/ty-0.0.48-py3-none-manylinux_2_17_armv7l.manylinux2014_armv7l.whl", hash = "sha256:518d08a7194a5d3d07b5f459cace1e2a3a8d67c58e27b092bc948078c03fdad9", size = 11593310, upload-time = "2026-06-10T22:35:46.617Z" },
    { url = "https://files.pythonhosted.org/packages/dc/39/908e9c2141ff133452552b1f0b0c278b52812047ea671b59dfb064f1180c/ty-0.0.48-py3-none-manylinux_2_17_i686.manylinux2014_i686.whl", hash = "sha256:bea4240fd52b1405c090c649bf1786a995f0809499e1a8bedf6a6a372f925a98", size = 12048829, upload-time = "2026-06-10T22:36:06.842Z" },
    { url = "https://files.pythonhosted.org/packages/e6/51/aa0e5fae345cd5fea8a8d5cfce6a900604ea42b99b3d6b7da99787e60505/ty-0.0.48-py3-none-manylinux_2_17_ppc64le.manylinux2014_ppc64le.whl", hash = "sha256:7c5241363be03c1ca0cd2b60c5ccf55a5f2803ddfa80fd61944b405fc21226c1", size = 12642932, upload-time = "2026-06-10T22:35:59.962Z" },
    { url = "https://files.pythonhosted.org/packages/32/d0/6928525166890b04cbb9fc75d6308dbda3bdd81d1c076dade2d36c2276a6/ty-0.0.48-py3-none-manylinux_2_17_s390x.manylinux2014_s390x.whl", hash = "sha256:e22ede258dd37a3117db0259fc80001615a6dfddc36dbb0371253f97fd7fd817", size = 12279019, upload-time = "2026-06-10T22:35:42.036Z" },
    { url = "https://files.pythonhosted.org/packages/ef/3d/7cb614c74f8883720034ca5ee9ce3d213aff762ad87f50315b50fad705ce/ty-0.0.48-py3-none-manylinux_2_17_x86_64.manylinux2014_x86_64.whl", hash = "sha256:ee756f22cfc8e72c8e01c695c0b97caab6de1df1a299e7c7c6e31a6249441fed", size = 12145259, upload-time = "2026-06-10T22:35:38.02Z" },
    { url = "https://files.pythonhosted.org/packages/f7/44/391886e74ef7d126aeb1096fc0002a595d99ed87febfb9fe0b2b859325e6/ty-0.0.48-py3-none-manylinux_2_31_riscv64.whl", hash = "sha256:05ebfcc99da65786ba42ddb9cab9c1f2d50ad66493f512242fce40036c51fb98", size = 12339393, upload-time = "2026-06-10T22:35:55.216Z" },
    { url = "https://files.pythonhosted.org/packages/7d/42/dcfe9ace7cbdf6c9a242b26ed7281c692fdf054468255422b277753dd296/ty-0.0.48-py3-none-musllinux_1_2_aarch64.whl", hash = "sha256:11f88996c497cb08a33fb5019ea66d096bba469d23b2fed53ee604dff5fd94ae", size = 11442355, upload-time = "2026-06-10T22:36:01.975Z" },
    { url = "https://files.pythonhosted.org/packages/d5/13/fbd8aabf8fc2034c70538b3ce472ada31391d5e7c86f9ea724940afdf43b/ty-0.0.48-py3-none-musllinux_1_2_armv7l.whl", hash = "sha256:70e5e4edbdec56c146f085617f085ae4c7d5dfecbefccef51e093f506af9b02e", size = 11602499, upload-time = "2026-06-10T22:36:04.41Z" },
    { url = "https://files.pythonhosted.org/packages/64/09/44e53ac462952f8988aa27a5c141c2f3535fc4fcb68f571d80baf73939e4/ty-0.0.48-py3-none-musllinux_1_2_i686.whl", hash = "sha256:d420c3478f338511e47a2987052e5099b7f67aa0ab725e5e1e2f5658d11099bd", size = 11711851, upload-time = "2026-06-10T22:35:44.517Z" },
    { url = "https://files.pythonhosted.org/packages/89/15/b1b22a01094ce9b2a5ecaf6fe1530490dc25b0260551d702e881b2601014/ty-0.0.48-py3-none-musllinux_1_2_x86_64.whl", hash = "sha256:0bf036e2e3a359c1e83883a46a4d2076617511d7329fe5421c7d158f28e19615", size = 12230497, upload-time = "2026-06-10T22:35:57.714Z" },
    { url = "https://files.pythonhosted.org/packages/74/e9/9bba0e7fcc3a5058d7fa55be410356991925cc0f6546ccd1eb0821aee48f/ty-0.0.48-py3-none-win32.whl", hash = "sha256:19ad4acd4347ca3e206e7455c2a05fba228e1b3186463517bcb783f88885ff78", size = 11048763, upload-time = "2026-06-10T22:35:49.049Z" },
    { url = "https://files.pythonhosted.org/packages/bd/6a/71d815058affbbc26d43538002c74203cf6a72a4b342981fc13324e64412/ty-0.0.48-py3-none-win_amd64.whl", hash = "sha256:1f496d799abab6e5a26c901a049163f171aa1b40c8e418cdf76adf3444d1b0db", size = 12188589, upload-time = "2026-06-10T22:36:08.938Z" },
    { url = "https://files.pythonhosted.org/packages/1a/fe/a8f8ad81612ab7f75a170c70710f8d2c4ada39e86b827a4e524086f50c24/ty-0.0.48-py3-none-win_arm64.whl", hash = "sha256:77c94e4484897c3a184821cd56274b71f1c001663331f9c1ba06ac889633bff6", size = 11542770, upload-time = "2026-06-10T22:35:51.122Z" },
]
